
Microsoft Visual Studio Solution File, Format Version 12.00
# Visual Studio Version 16
VisualStudioVersion = 16.0.29911.84
MinimumVisualStudioVersion = 10.0.40219.1
Project("{9A19103F-16F7-4668-BE54-9A1E7A4F7556}") = "BlurWindow", "BlurWindow\BlurWindow.csproj", "{B8634992-751D-4CD3-9297-77E8DD351E8B}"
EndProject
Project("{FAE04EC0-301F-11D3-BF4B-00C04F79EFBC}") = "BlurWindowDemo", "BlurWindowDemo\BlurWindowDemo.csproj", "{1CE0B795-B6DE-4C0C-89FC-B432BEFA2A3C}"
EndProject
Global
	GlobalSection(SolutionConfigurationPlatforms) = preSolution
		Debug|Any CPU = Debug|Any CPU
		Release|Any CPU = Release|Any CPU
	EndGlobalSection
	GlobalSection(ProjectConfigurationPlatforms) = postSolution
		{B8634992-751D-4CD3-9297-77E8DD351E8B}.Debug|Any CPU.ActiveCfg = Debug|Any CPU
		{B8634992-751D-4CD3-9297-77E8DD351E8B}.Debug|Any CPU.Build.0 = Debug|Any CPU
		{B8634992-751D-4CD3-9297-77E8DD351E8B}.Release|Any CPU.ActiveCfg = Release|Any CPU
		{B8634992-751D-4CD3-9297-77E8DD351E8B}.Release|Any CPU.Build.0 = Release|Any CPU
		{1CE0B795-B6DE-4C0C-89FC-B432BEFA2A3C}.Debug|Any CPU.ActiveCfg = Debug|Any CPU
		{1CE0B795-B6DE-4C0C-89FC-B432BEFA2A3C}.Debug|Any CPU.Build.0 = Debug|Any CPU
		{1CE0B795-B6DE-4C0C-89FC-B432BEFA2A3C}.Release|Any CPU.ActiveCfg = Release|Any CPU
		{1CE0B795-B6DE-4C0C-89FC-B432BEFA2A3C}.Release|Any CPU.Build.0 = Release|Any CPU
	EndGlobalSection
	GlobalSection(SolutionProperties) = preSolution
		HideSolutionNode = FALSE
	EndGlobalSection
	GlobalSection(ExtensibilityGlobals) = postSolution
		SolutionGuid = {3C8D96CA-248F-4AFA-A58C-8CF6F84EAE65}
	EndGlobalSection
EndGlobal
